
Microsoft Visual Studio Solution File, Format Version 12.00
# Visual Studio Version 17
VisualStudioVersion = 17.9.34728.123
MinimumVisualStudioVersion = 10.0.40219.1
Project("{FAE04EC0-301F-11D3-BF4B-00C04F79EFBC}") = "Turcu_TravelPlanner", "Turcu_TravelPlanner\Turcu_TravelPlanner.csproj", "{6A80565C-CCCE-41D6-9636-38DDE8920E9B}"
EndProject
Global
	GlobalSection(SolutionConfigurationPlatforms) = preSolution
		Debug|Any CPU = Debug|Any CPU
		Release|Any CPU = Release|Any CPU
	EndGlobalSection
	GlobalSection(ProjectConfigurationPlatforms) = postSolution
		{6A80565C-CCCE-41D6-9636-38DDE8920E9B}.Debug|Any CPU.ActiveCfg = Debug|Any CPU
		{6A80565C-CCCE-41D6-9636-38DDE8920E9B}.Debug|Any CPU.Build.0 = Debug|Any CPU
		{6A80565C-CCCE-41D6-9636-38DDE8920E9B}.Release|Any CPU.ActiveCfg = Release|Any CPU
		{6A80565C-CCCE-41D6-9636-38DDE8920E9B}.Release|Any CPU.Build.0 = Release|Any CPU
	EndGlobalSection
	GlobalSection(SolutionProperties) = preSolution
		HideSolutionNode = FALSE
	EndGlobalSection
	GlobalSection(ExtensibilityGlobals) = postSolution
		SolutionGuid = {3C389A27-F08D-4943-9499-971AFF046AE1}
	EndGlobalSection
EndGlobal
